// !$*UTF8*$!
{
	archiveVersion = 1;
	classes = {
	};
	objectVersion = 46;
	objects = {

/* Begin PBXBuildFile section */
		84EB257F17BB0C4B005E10FA /* UIKit.framework in Frameworks */ = {isa = PBXBuildFile; fileRef = 84EB257E17BB0C4B005E10FA /* UIKit.framework */; };
		84EB258117BB0C4B005E10FA /* Foundation.framework in Frameworks */ = {isa = PBXBuildFile; fileRef = 84EB258017BB0C4B005E10FA /* Foundation.framework */; };
		84EB258317BB0C4B005E10FA /* CoreGraphics.framework in Frameworks */ = {isa = PBXBuildFile; fileRef = 84EB258217BB0C4B005E10FA /* CoreGraphics.framework */; };
		84EB258917BB0C4B005E10FA /* InfoPlist.strings in Resources */ = {isa = PBXBuildFile; fileRef = 84EB258717BB0C4B005E10FA /* InfoPlist.strings */; };
		84EB258B17BB0C4B005E10FA /* main.m in Sources */ = {isa = PBXBuildFile; fileRef = 84EB258A17BB0C4B005E10FA /* main.m */; };
		84EB258F17BB0C4B005E10FA /* AppDelegate.m in Sources */ = {isa = PBXBuildFile; fileRef = 84EB258E17BB0C4B005E10FA /* AppDelegate.m */; };
		84EB259117BB0C4B005E10FA /* Default.png in Resources */ = {isa = PBXBuildFile; fileRef = 84EB259017BB0C4B005E10FA /* Default.png */; };
		84EB259317BB0C4B005E10FA /* Default@2x.png in Resources */ = {isa = PBXBuildFile; fileRef = 84EB259217BB0C4B005E10FA /* Default@2x.png */; };
		84EB259517BB0C4B005E10FA /* Default-568h@2x.png in Resources */ = {isa = PBXBuildFile; fileRef = 84EB259417BB0C4B005E10FA /* Default-568h@2x.png */; };
		84EB259D17BB0C5F005E10FA /* RootViewController.m in Sources */ = {isa = PBXBuildFile; fileRef = 84EB259C17BB0C5F005E10FA /* RootViewController.m */; };
		84EB25A217BB31DE005E10FA /* Calculating.m in Sources */ = {isa = PBXBuildFile; fileRef = 84EB25A117BB31DE005E10FA /* Calculating.m */; };
/* End PBXBuildFile section */

/* Begin PBXFileReference section */
		84EB257B17BB0C4B005E10FA /* SimpleCalculator.app */ = {isa = PBXFileReference; explicitFileType = wrapper.application; includeInIndex = 0; path = SimpleCalculator.app; sourceTree = BUILT_PRODUCTS_DIR; };
		84EB257E17BB0C4B005E10FA /* UIKit.framework */ = {isa = PBXFileReference; lastKnownFileType = wrapper.framework; name = UIKit.framework; path = System/Library/Frameworks/UIKit.framework; sourceTree = SDKROOT; };
		84EB258017BB0C4B005E10FA /* Foundation.framework */ = {isa = PBXFileReference; lastKnownFileType = wrapper.framework; name = Foundation.framework; path = System/Library/Frameworks/Foundation.framework; sourceTree = SDKROOT; };
		84EB258217BB0C4B005E10FA /* CoreGraphics.framework */ = {isa = PBXFileReference; lastKnownFileType = wrapper.framework; name = CoreGraphics.framework; path = System/Library/Frameworks/CoreGraphics.framework; sourceTree = SDKROOT; };
		84EB258617BB0C4B005E10FA /* SimpleCalculator-Info.plist */ = {isa = PBXFileReference; lastKnownFileType = text.plist.xml; path = "SimpleCalculator-Info.plist"; sourceTree = "<group>"; };
		84EB258817BB0C4B005E10FA /* en */ = {isa = PBXFileReference; lastKnownFileType = text.plist.strings; name = en; path = en.lproj/InfoPlist.strings; sourceTree = "<group>"; };
		84EB258A17BB0C4B005E10FA /* main.m */ = {isa = PBXFileReference; lastKnownFileType = sourcecode.c.objc; path = main.m; sourceTree = "<group>"; };
		84EB258C17BB0C4B005E10FA /* SimpleCalculator-Prefix.pch */ = {isa = PBXFileReference; lastKnownFileType = sourcecode.c.h; path = "SimpleCalculator-Prefix.pch"; sourceTree = "<group>"; };
		84EB258D17BB0C4B005E10FA /* AppDelegate.h */ = {isa = PBXFileReference; lastKnownFileType = sourcecode.c.h; path = AppDelegate.h; sourceTree = "<group>"; };
		84EB258E17BB0C4B005E10FA /* AppDelegate.m */ = {isa = PBXFileReference; lastKnownFileType = sourcecode.c.objc; path = AppDelegate.m; sourceTree = "<group>"; };
		84EB259017BB0C4B005E10FA /* Default.png */ = {isa = PBXFileReference; lastKnownFileType = image.png; path = Default.png; sourceTree = "<group>"; };
		84EB259217BB0C4B005E10FA /* Default@2x.png */ = {isa = PBXFileReference; lastKnownFileType = image.png; path = "Default@2x.png"; sourceTree = "<group>"; };
		84EB259417BB0C4B005E10FA /* Default-568h@2x.png */ = {isa = PBXFileReference; lastKnownFileType = image.png; path = "Default-568h@2x.png"; sourceTree = "<group>"; };
		84EB259B17BB0C5F005E10FA /* RootViewController.h */ = {isa = PBXFileReference; fileEncoding = 4; lastKnownFileType = sourcecode.c.h; path = RootViewController.h; sourceTree = "<group>"; };
		84EB259C17BB0C5F005E10FA /* RootViewController.m */ = {isa = PBXFileReference; fileEncoding = 4; lastKnownFileType = sourcecode.c.objc; path = RootViewController.m; sourceTree = "<group>"; };
		84EB25A017BB31DE005E10FA /* Calculating.h */ = {isa = PBXFileReference; fileEncoding = 4; lastKnownFileType = sourcecode.c.h; path = Calculating.h; sourceTree = "<group>"; };
		84EB25A117BB31DE005E10FA /* Calculating.m */ = {isa = PBXFileReference; fileEncoding = 4; lastKnownFileType = sourcecode.c.objc; path = Calculating.m; sourceTree = "<group>"; };
/* End PBXFileReference section */

/* Begin PBXFrameworksBuildPhase section */
		84EB257817BB0C4B005E10FA /* Frameworks */ = {
			isa = PBXFrameworksBuildPhase;
			buildActionMask = 2147483647;
			files = (
				84EB257F17BB0C4B005E10FA /* UIKit.framework in Frameworks */,
				84EB258117BB0C4B005E10FA /* Foundation.framework in Frameworks */,
				84EB258317BB0C4B005E10FA /* CoreGraphics.framework in Frameworks */,
			);
			runOnlyForDeploymentPostprocessing = 0;
		};
/* End PBXFrameworksBuildPhase section */

/* Begin PBXGroup section */
		84EB257217BB0C4B005E10FA = {
			isa = PBXGroup;
			children = (
				84EB258417BB0C4B005E10FA /* SimpleCalculator */,
				84EB257D17BB0C4B005E10FA /* Frameworks */,
				84EB257C17BB0C4B005E10FA /* Products */,
			);
			sourceTree = "<group>";
		};
		84EB257C17BB0C4B005E10FA /* Products */ = {
			isa = PBXGroup;
			children = (
				84EB257B17BB0C4B005E10FA /* SimpleCalculator.app */,
			);
			name = Products;
			sourceTree = "<group>";
		};
		84EB257D17BB0C4B005E10FA /* Frameworks */ = {
			isa = PBXGroup;
			children = (
				84EB257E17BB0C4B005E10FA /* UIKit.framework */,
				84EB258017BB0C4B005E10FA /* Foundation.framework */,
				84EB258217BB0C4B005E10FA /* CoreGraphics.framework */,
			);
			name = Frameworks;
			sourceTree = "<group>";
		};
		84EB258417BB0C4B005E10FA /* SimpleCalculator */ = {
			isa = PBXGroup;
			children = (
				84EB25A017BB31DE005E10FA /* Calculating.h */,
				84EB25A117BB31DE005E10FA /* Calculating.m */,
				84EB259B17BB0C5F005E10FA /* RootViewController.h */,
				84EB259C17BB0C5F005E10FA /* RootViewController.m */,
				84EB258D17BB0C4B005E10FA /* AppDelegate.h */,
				84EB258E17BB0C4B005E10FA /* AppDelegate.m */,
				84EB258517BB0C4B005E10FA /* Supporting Files */,
			);
			path = SimpleCalculator;
			sourceTree = "<group>";
		};
		84EB258517BB0C4B005E10FA /* Supporting Files */ = {
			isa = PBXGroup;
			children = (
				84EB258617BB0C4B005E10FA /* SimpleCalculator-Info.plist */,
				84EB258717BB0C4B005E10FA /* InfoPlist.strings */,
				84EB258A17BB0C4B005E10FA /* main.m */,
				84EB258C17BB0C4B005E10FA /* SimpleCalculator-Prefix.pch */,
				84EB259017BB0C4B005E10FA /* Default.png */,
				84EB259217BB0C4B005E10FA /* Default@2x.png */,
				84EB259417BB0C4B005E10FA /* Default-568h@2x.png */,
			);
			name = "Supporting Files";
			sourceTree = "<group>";
		};
/* End PBXGroup section */

/* Begin PBXNativeTarget section */
		84EB257A17BB0C4B005E10FA /* SimpleCalculator */ = {
			isa = PBXNativeTarget;
			buildConfigurationList = 84EB259817BB0C4B005E10FA /* Build configuration list for PBXNativeTarget "SimpleCalculator" */;
			buildPhases = (
				84EB257717BB0C4B005E10FA /* Sources */,
				84EB257817BB0C4B005E10FA /* Frameworks */,
				84EB257917BB0C4B005E10FA /* Resources */,
			);
			buildRules = (
			);
			dependencies = (
			);
			name = SimpleCalculator;
			productName = SimpleCalculator;
			productReference = 84EB257B17BB0C4B005E10FA /* SimpleCalculator.app */;
			productType = "com.apple.product-type.application";
		};
/* End PBXNativeTarget section */

/* Begin PBXProject section */
		84EB257317BB0C4B005E10FA /* Project object */ = {
			isa = PBXProject;
			attributes = {
				LastUpgradeCheck = 0460;
				ORGANIZATIONNAME = admin;
			};
			buildConfigurationList = 84EB257617BB0C4B005E10FA /* Build configuration list for PBXProject "SimpleCalculator" */;
			compatibilityVersion = "Xcode 3.2";
			developmentRegion = English;
			hasScannedForEncodings = 0;
			knownRegions = (
				en,
			);
			mainGroup = 84EB257217BB0C4B005E10FA;
			productRefGroup = 84EB257C17BB0C4B005E10FA /* Products */;
			projectDirPath = "";
			projectRoot = "";
			targets = (
				84EB257A17BB0C4B005E10FA /* SimpleCalculator */,
			);
		};
/* End PBXProject section */

/* Begin PBXResourcesBuildPhase section */
		84EB257917BB0C4B005E10FA /* Resources */ = {
			isa = PBXResourcesBuildPhase;
			buildActionMask = 2147483647;
			files = (
				84EB258917BB0C4B005E10FA /* InfoPlist.strings in Resources */,
				84EB259117BB0C4B005E10FA /* Default.png in Resources */,
				84EB259317BB0C4B005E10FA /* Default@2x.png in Resources */,
				84EB259517BB0C4B005E10FA /* Default-568h@2x.png in Resources */,
			);
			runOnlyForDeploymentPostprocessing = 0;
		};
/* End PBXResourcesBuildPhase section */

/* Begin PBXSourcesBuildPhase section */
		84EB257717BB0C4B005E10FA /* Sources */ = {
			isa = PBXSourcesBuildPhase;
			buildActionMask = 2147483647;
			files = (
				84EB258B17BB0C4B005E10FA /* main.m in Sources */,
				84EB258F17BB0C4B005E10FA /* AppDelegate.m in Sources */,
				84EB259D17BB0C5F005E10FA /* RootViewController.m in Sources */,
				84EB25A217BB31DE005E10FA /* Calculating.m in Sources */,
			);
			runOnlyForDeploymentPostprocessing = 0;
		};
/* End PBXSourcesBuildPhase section */

/* Begin PBXVariantGroup section */
		84EB258717BB0C4B005E10FA /* InfoPlist.strings */ = {
			isa = PBXVariantGroup;
			children = (
				84EB258817BB0C4B005E10FA /* en */,
			);
			name = InfoPlist.strings;
			sourceTree = "<group>";
		};
/* End PBXVariantGroup section */

/* Begin XCBuildConfiguration section */
		84EB259617BB0C4B005E10FA /* Debug */ = {
			isa = XCBuildConfiguration;
			buildSettings = {
				ALWAYS_SEARCH_USER_PATHS = NO;
				CLANG_CXX_LANGUAGE_STANDARD = "gnu++0x";
				CLANG_CXX_LIBRARY = "libc++";
				CLANG_WARN_CONSTANT_CONVERSION = YES;
				CLANG_WARN_EMPTY_BODY = YES;
				CLANG_WARN_ENUM_CONVERSION = YES;
				CLANG_WARN_INT_CONVERSION = YES;
				CLANG_WARN__DUPLICATE_METHOD_MATCH = YES;
				"CODE_SIGN_IDENTITY[sdk=iphoneos*]" = "iPhone Developer";
				COPY_PHASE_STRIP = NO;
				GCC_C_LANGUAGE_STANDARD = gnu99;
				GCC_DYNAMIC_NO_PIC = NO;
				GCC_OPTIMIZATION_LEVEL = 0;
				GCC_PREPROCESSOR_DEFINITIONS = (
					"DEBUG=1",
					"$(inherited)",
				);
				GCC_SYMBOLS_PRIVATE_EXTERN = NO;
				GCC_WARN_ABOUT_RETURN_TYPE = YES;
				GCC_WARN_UNINITIALIZED_AUTOS = YES;
				GCC_WARN_UNUSED_VARIABLE = YES;
				IPHONEOS_DEPLOYMENT_TARGET = 6.1;
				ONLY_ACTIVE_ARCH = YES;
				SDKROOT = iphoneos;
			};
			name = Debug;
		};
		84EB259717BB0C4B005E10FA /* Release */ = {
			isa = XCBuildConfiguration;
			buildSettings = {
				ALWAYS_SEARCH_USER_PATHS = NO;
				CLANG_CXX_LANGUAGE_STANDARD = "gnu++0x";
				CLANG_CXX_LIBRARY = "libc++";
				CLANG_WARN_CONSTANT_CONVERSION = YES;
				CLANG_WARN_EMPTY_BODY = YES;
				CLANG_WARN_ENUM_CONVERSION = YES;
				CLANG_WARN_INT_CONVERSION = YES;
				CLANG_WARN__DUPLICATE_METHOD_MATCH = YES;
				"CODE_SIGN_IDENTITY[sdk=iphoneos*]" = "iPhone Developer";
				COPY_PHASE_STRIP = YES;
				GCC_C_LANGUAGE_STANDARD = gnu99;
				GCC_WARN_ABOUT_RETURN_TYPE = YES;
				GCC_WARN_UNINITIALIZED_AUTOS = YES;
				GCC_WARN_UNUSED_VARIABLE = YES;
				IPHONEOS_DEPLOYMENT_TARGET = 6.1;
				OTHER_CFLAGS = "-DNS_BLOCK_ASSERTIONS=1";
				SDKROOT = iphoneos;
				VALIDATE_PRODUCT = YES;
			};
			name = Release;
		};
		84EB259917BB0C4B005E10FA /* Debug */ = {
			isa = XCBuildConfiguration;
			buildSettings = {
				GCC_PRECOMPILE_PREFIX_HEADER = YES;
				GCC_PREFIX_HEADER = "SimpleCalculator/SimpleCalculator-Prefix.pch";
				INFOPLIST_FILE = "SimpleCalculator/SimpleCalculator-Info.plist";
				PRODUCT_NAME = "$(TARGET_NAME)";
				WRAPPER_EXTENSION = app;
			};
			name = Debug;
		};
		84EB259A17BB0C4B005E10FA /* Release */ = {
			isa = XCBuildConfiguration;
			buildSettings = {
				GCC_PRECOMPILE_PREFIX_HEADER = YES;
				GCC_PREFIX_HEADER = "SimpleCalculator/SimpleCalculator-Prefix.pch";
				INFOPLIST_FILE = "SimpleCalculator/SimpleCalculator-Info.plist";
				PRODUCT_NAME = "$(TARGET_NAME)";
				WRAPPER_EXTENSION = app;
			};
			name = Release;
		};
/* End XCBuildConfiguration section */

/* Begin XCConfigurationList section */
		84EB257617BB0C4B005E10FA /* Build configuration list for PBXProject "SimpleCalculator" */ = {
			isa = XCConfigurationList;
			buildConfigurations = (
				84EB259617BB0C4B005E10FA /* Debug */,
				84EB259717BB0C4B005E10FA /* Release */,
			);
			defaultConfigurationIsVisible = 0;
			defaultConfigurationName = Release;
		};
		84EB259817BB0C4B005E10FA /* Build configuration list for PBXNativeTarget "SimpleCalculator" */ = {
			isa = XCConfigurationList;
			buildConfigurations = (
				84EB259917BB0C4B005E10FA /* Debug */,
				84EB259A17BB0C4B005E10FA /* Release */,
			);
			defaultConfigurationIsVisible = 0;
		};
/* End XCConfigurationList section */
	};
	rootObject = 84EB257317BB0C4B005E10FA /* Project object */;
}
